
Microsoft Visual Studio Solution File, Format Version 12.00
# Visual Studio 15
VisualStudioVersion = 15.0.26730.16
MinimumVisualStudioVersion = 10.0.40219.1
Project("{FAE04EC0-301F-11D3-BF4B-00C04F79EFBC}") = "ex1.Domain", "ex1.Domain\ex1.Domain.csproj", "{66F1C80F-C11F-48D8-B66C-29F50F8FAA8F}"
EndProject
Project("{FAE04EC0-301F-11D3-BF4B-00C04F79EFBC}") = "ef1.Data", "..\ef1.Data\ef1.Data.csproj", "{7395D645-6310-4AD4-BE3B-0B2D82B97323}"
EndProject
Global
	GlobalSection(SolutionConfigurationPlatforms) = preSolution
		Debug|Any CPU = Debug|Any CPU
		Release|Any CPU = Release|Any CPU
	EndGlobalSection
	GlobalSection(ProjectConfigurationPlatforms) = postSolution
		{66F1C80F-C11F-48D8-B66C-29F50F8FAA8F}.Debug|Any CPU.ActiveCfg = Debug|Any CPU
		{66F1C80F-C11F-48D8-B66C-29F50F8FAA8F}.Debug|Any CPU.Build.0 = Debug|Any CPU
		{66F1C80F-C11F-48D8-B66C-29F50F8FAA8F}.Release|Any CPU.ActiveCfg = Release|Any CPU
		{66F1C80F-C11F-48D8-B66C-29F50F8FAA8F}.Release|Any CPU.Build.0 = Release|Any CPU
		{7395D645-6310-4AD4-BE3B-0B2D82B97323}.Debug|Any CPU.ActiveCfg = Debug|Any CPU
		{7395D645-6310-4AD4-BE3B-0B2D82B97323}.Debug|Any CPU.Build.0 = Debug|Any CPU
		{7395D645-6310-4AD4-BE3B-0B2D82B97323}.Release|Any CPU.ActiveCfg = Release|Any CPU
		{7395D645-6310-4AD4-BE3B-0B2D82B97323}.Release|Any CPU.Build.0 = Release|Any CPU
	EndGlobalSection
	GlobalSection(SolutionProperties) = preSolution
		HideSolutionNode = FALSE
	EndGlobalSection
	GlobalSection(ExtensibilityGlobals) = postSolution
		SolutionGuid = {420C7927-5812-48D0-ACE7-6BC3F789FAD3}
	EndGlobalSection
EndGlobal
